
Microsoft Visual Studio Solution File, Format Version 12.00
# Visual Studio Version 17
VisualStudioVersion = 17.0.32014.148
MinimumVisualStudioVersion = 10.0.40219.1
Project("{FAE04EC0-301F-11D3-BF4B-00C04F79EFBC}") = "MvcBlog", "MvcBlog\MvcBlog.csproj", "{653DB4D4-E2C3-454A-89A3-B80D9EDCA679}"
EndProject
Global
	GlobalSection(SolutionConfigurationPlatforms) = preSolution
		Debug|Any CPU = Debug|Any CPU
		Release|Any CPU = Release|Any CPU
	EndGlobalSection
	GlobalSection(ProjectConfigurationPlatforms) = postSolution
		{653DB4D4-E2C3-454A-89A3-B80D9EDCA679}.Debug|Any CPU.ActiveCfg = Debug|Any CPU
		{653DB4D4-E2C3-454A-89A3-B80D9EDCA679}.Debug|Any CPU.Build.0 = Debug|Any CPU
		{653DB4D4-E2C3-454A-89A3-B80D9EDCA679}.Release|Any CPU.ActiveCfg = Release|Any CPU
		{653DB4D4-E2C3-454A-89A3-B80D9EDCA679}.Release|Any CPU.Build.0 = Release|Any CPU
	EndGlobalSection
	GlobalSection(SolutionProperties) = preSolution
		HideSolutionNode = FALSE
	EndGlobalSection
	GlobalSection(ExtensibilityGlobals) = postSolution
		SolutionGuid = {53CBF61A-589B-4872-AC9F-4FE08F1137FF}
	EndGlobalSection
EndGlobal
